
Microsoft Visual Studio Solution File, Format Version 12.00
# Visual Studio 15
VisualStudioVersion = 15.0.28010.2016
MinimumVisualStudioVersion = 10.0.40219.1
Project("{FAE04EC0-301F-11D3-BF4B-00C04F79EFBC}") = "task_01", "task_01\task_01.csproj", "{245F7CBE-A206-4C75-AAB0-313D0160EB67}"
EndProject
Project("{FAE04EC0-301F-11D3-BF4B-00C04F79EFBC}") = "task_02", "task_02\task_02.csproj", "{C50C57D9-3F11-4FF4-9CB8-64E4E2E46037}"
EndProject
Project("{FAE04EC0-301F-11D3-BF4B-00C04F79EFBC}") = "task_03", "task_03\task_03.csproj", "{DFD6C02C-BFFD-4023-B0B3-0D809F467396}"
EndProject
Project("{FAE04EC0-301F-11D3-BF4B-00C04F79EFBC}") = "task_hw_01", "task_hw_01\task_hw_01.csproj", "{BC7C5C3E-5F21-4CA7-883B-0600A8105873}"
EndProject
Project("{FAE04EC0-301F-11D3-BF4B-00C04F79EFBC}") = "task_hw_02", "task_hw_02\task_hw_02.csproj", "{98EB6A7E-20AB-4B73-89C1-EDEB30511A63}"
EndProject
Project("{FAE04EC0-301F-11D3-BF4B-00C04F79EFBC}") = "task_hw_03", "task_hw_03\task_hw_03.csproj", "{A44CA999-AB03-432E-8FB4-92FA97CA4BA3}"
EndProject
Global
	GlobalSection(SolutionConfigurationPlatforms) = preSolution
		Debug|Any CPU = Debug|Any CPU
		Release|Any CPU = Release|Any CPU
	EndGlobalSection
	GlobalSection(ProjectConfigurationPlatforms) = postSolution
		{245F7CBE-A206-4C75-AAB0-313D0160EB67}.Debug|Any CPU.ActiveCfg = Debug|Any CPU
		{245F7CBE-A206-4C75-AAB0-313D0160EB67}.Debug|Any CPU.Build.0 = Debug|Any CPU
		{245F7CBE-A206-4C75-AAB0-313D0160EB67}.Release|Any CPU.ActiveCfg = Release|Any CPU
		{245F7CBE-A206-4C75-AAB0-313D0160EB67}.Release|Any CPU.Build.0 = Release|Any CPU
		{C50C57D9-3F11-4FF4-9CB8-64E4E2E46037}.Debug|Any CPU.ActiveCfg = Debug|Any CPU
		{C50C57D9-3F11-4FF4-9CB8-64E4E2E46037}.Debug|Any CPU.Build.0 = Debug|Any CPU
		{C50C57D9-3F11-4FF4-9CB8-64E4E2E46037}.Release|Any CPU.ActiveCfg = Release|Any CPU
		{C50C57D9-3F11-4FF4-9CB8-64E4E2E46037}.Release|Any CPU.Build.0 = Release|Any CPU
		{DFD6C02C-BFFD-4023-B0B3-0D809F467396}.Debug|Any CPU.ActiveCfg = Debug|Any CPU
		{DFD6C02C-BFFD-4023-B0B3-0D809F467396}.Debug|Any CPU.Build.0 = Debug|Any CPU
		{DFD6C02C-BFFD-4023-B0B3-0D809F467396}.Release|Any CPU.ActiveCfg = Release|Any CPU
		{DFD6C02C-BFFD-4023-B0B3-0D809F467396}.Release|Any CPU.Build.0 = Release|Any CPU
		{BC7C5C3E-5F21-4CA7-883B-0600A8105873}.Debug|Any CPU.ActiveCfg = Debug|Any CPU
		{BC7C5C3E-5F21-4CA7-883B-0600A8105873}.Debug|Any CPU.Build.0 = Debug|Any CPU
		{BC7C5C3E-5F21-4CA7-883B-0600A8105873}.Release|Any CPU.ActiveCfg = Release|Any CPU
		{BC7C5C3E-5F21-4CA7-883B-0600A8105873}.Release|Any CPU.Build.0 = Release|Any CPU
		{98EB6A7E-20AB-4B73-89C1-EDEB30511A63}.Debug|Any CPU.ActiveCfg = Debug|Any CPU
		{98EB6A7E-20AB-4B73-89C1-EDEB30511A63}.Debug|Any CPU.Build.0 = Debug|Any CPU
		{98EB6A7E-20AB-4B73-89C1-EDEB30511A63}.Release|Any CPU.ActiveCfg = Release|Any CPU
		{98EB6A7E-20AB-4B73-89C1-EDEB30511A63}.Release|Any CPU.Build.0 = Release|Any CPU
		{A44CA999-AB03-432E-8FB4-92FA97CA4BA3}.Debug|Any CPU.ActiveCfg = Debug|Any CPU
		{A44CA999-AB03-432E-8FB4-92FA97CA4BA3}.Debug|Any CPU.Build.0 = Debug|Any CPU
		{A44CA999-AB03-432E-8FB4-92FA97CA4BA3}.Release|Any CPU.ActiveCfg = Release|Any CPU
		{A44CA999-AB03-432E-8FB4-92FA97CA4BA3}.Release|Any CPU.Build.0 = Release|Any CPU
	EndGlobalSection
	GlobalSection(SolutionProperties) = preSolution
		HideSolutionNode = FALSE
	EndGlobalSection
	GlobalSection(ExtensibilityGlobals) = postSolution
		SolutionGuid = {E3C6C9FC-D2EC-4310-B6A7-DA8225A66885}
	EndGlobalSection
EndGlobal
